
Microsoft Visual Studio Solution File, Format Version 12.00
# Visual Studio Version 16
VisualStudioVersion = 16.0.32901.82
MinimumVisualStudioVersion = 10.0.40219.1
Project("{FAE04EC0-301F-11D3-BF4B-00C04F79EFBC}") = "TEA_Doctors", "TEA_Doctors.csproj", "{8509C956-6DF8-46C4-851A-C4A63DC8BCE3}"
EndProject
Global
	GlobalSection(SolutionConfigurationPlatforms) = preSolution
		Debug|Any CPU = Debug|Any CPU
		Release|Any CPU = Release|Any CPU
	EndGlobalSection
	GlobalSection(ProjectConfigurationPlatforms) = postSolution
		{8509C956-6DF8-46C4-851A-C4A63DC8BCE3}.Debug|Any CPU.ActiveCfg = Debug|Any CPU
		{8509C956-6DF8-46C4-851A-C4A63DC8BCE3}.Debug|Any CPU.Build.0 = Debug|Any CPU
		{8509C956-6DF8-46C4-851A-C4A63DC8BCE3}.Release|Any CPU.ActiveCfg = Release|Any CPU
		{8509C956-6DF8-46C4-851A-C4A63DC8BCE3}.Release|Any CPU.Build.0 = Release|Any CPU
	EndGlobalSection
	GlobalSection(SolutionProperties) = preSolution
		HideSolutionNode = FALSE
	EndGlobalSection
	GlobalSection(ExtensibilityGlobals) = postSolution
		SolutionGuid = {485DD1B3-7F26-42F8-A415-F21AD0CFE540}
	EndGlobalSection
EndGlobal
